
Microsoft Visual Studio Solution File, Format Version 12.00
# Visual Studio Version 17
VisualStudioVersion = 17.11.35431.28
MinimumVisualStudioVersion = 10.0.40219.1
Project("{FAE04EC0-301F-11D3-BF4B-00C04F79EFBC}") = "ContractMonthlyClaimSystem", "ContractMonthlyClaimSystem.csproj", "{E2151E5E-79A2-4605-AD71-4F5070632D9E}"
EndProject
Global
	GlobalSection(SolutionConfigurationPlatforms) = preSolution
		Debug|Any CPU = Debug|Any CPU
		Release|Any CPU = Release|Any CPU
	EndGlobalSection
	GlobalSection(ProjectConfigurationPlatforms) = postSolution
		{E2151E5E-79A2-4605-AD71-4F5070632D9E}.Debug|Any CPU.ActiveCfg = Debug|Any CPU
		{E2151E5E-79A2-4605-AD71-4F5070632D9E}.Debug|Any CPU.Build.0 = Debug|Any CPU
		{E2151E5E-79A2-4605-AD71-4F5070632D9E}.Release|Any CPU.ActiveCfg = Release|Any CPU
		{E2151E5E-79A2-4605-AD71-4F5070632D9E}.Release|Any CPU.Build.0 = Release|Any CPU
	EndGlobalSection
	GlobalSection(SolutionProperties) = preSolution
		HideSolutionNode = FALSE
	EndGlobalSection
	GlobalSection(ExtensibilityGlobals) = postSolution
		SolutionGuid = {DB8411D8-68BA-468A-9BCD-69264EF52509}
	EndGlobalSection
EndGlobal
